
Microsoft Visual Studio Solution File, Format Version 12.00
# Visual Studio Version 16
VisualStudioVersion = 16.0.30225.117
MinimumVisualStudioVersion = 10.0.40219.1
Project("{FAE04EC0-301F-11D3-BF4B-00C04F79EFBC}") = "Yazilim-Bakimi-XYZ Bilisim Projesi", "Yazilim-Bakimi-XYZ Bilisim Projesi\Yazilim-Bakimi-XYZ Bilisim Projesi.csproj", "{3210816B-0A20-4ED3-ABD1-42386A4FE3B7}"
EndProject
Global
	GlobalSection(SolutionConfigurationPlatforms) = preSolution
		Debug|Any CPU = Debug|Any CPU
		Release|Any CPU = Release|Any CPU
	EndGlobalSection
	GlobalSection(ProjectConfigurationPlatforms) = postSolution
		{3210816B-0A20-4ED3-ABD1-42386A4FE3B7}.Debug|Any CPU.ActiveCfg = Debug|Any CPU
		{3210816B-0A20-4ED3-ABD1-42386A4FE3B7}.Debug|Any CPU.Build.0 = Debug|Any CPU
		{3210816B-0A20-4ED3-ABD1-42386A4FE3B7}.Release|Any CPU.ActiveCfg = Release|Any CPU
		{3210816B-0A20-4ED3-ABD1-42386A4FE3B7}.Release|Any CPU.Build.0 = Release|Any CPU
	EndGlobalSection
	GlobalSection(SolutionProperties) = preSolution
		HideSolutionNode = FALSE
	EndGlobalSection
	GlobalSection(ExtensibilityGlobals) = postSolution
		SolutionGuid = {24BD4C45-9CC4-48EA-97D0-878EABCF7617}
	EndGlobalSection
EndGlobal
